
Microsoft Visual Studio Solution File, Format Version 12.00
# Visual Studio Version 16
VisualStudioVersion = 16.0.31624.102
MinimumVisualStudioVersion = 10.0.40219.1
Project("{FAE04EC0-301F-11D3-BF4B-00C04F79EFBC}") = "CTImageViewer", "CTImageViewer\CTImageViewer.csproj", "{0E642A3F-33C1-4AB8-912E-48AD50CB746F}"
EndProject
Project("{FAE04EC0-301F-11D3-BF4B-00C04F79EFBC}") = "CTImageViewer.Contract", "CTImageViewer.Contract\CTImageViewer.Contract.csproj", "{62CEB4AC-5579-4FFA-91D1-88DD52B5E068}"
EndProject
Project("{FAE04EC0-301F-11D3-BF4B-00C04F79EFBC}") = "CTImageViewer.ViewModel", "CTImageViewer.ViewModel\CTImageViewer.ViewModel.csproj", "{D3B79DF8-85F7-43C9-BCE7-162BFD4EE322}"
EndProject
Project("{FAE04EC0-301F-11D3-BF4B-00C04F79EFBC}") = "CTImageViewer.Core", "CTImageViewer.Core\CTImageViewer.Core.csproj", "{2EBC5459-954F-4B83-B172-D5D1B9819474}"
EndProject
Global
	GlobalSection(SolutionConfigurationPlatforms) = preSolution
		Debug|Any CPU = Debug|Any CPU
		Release|Any CPU = Release|Any CPU
	EndGlobalSection
	GlobalSection(ProjectConfigurationPlatforms) = postSolution
		{0E642A3F-33C1-4AB8-912E-48AD50CB746F}.Debug|Any CPU.ActiveCfg = Debug|Any CPU
		{0E642A3F-33C1-4AB8-912E-48AD50CB746F}.Debug|Any CPU.Build.0 = Debug|Any CPU
		{0E642A3F-33C1-4AB8-912E-48AD50CB746F}.Release|Any CPU.ActiveCfg = Release|Any CPU
		{0E642A3F-33C1-4AB8-912E-48AD50CB746F}.Release|Any CPU.Build.0 = Release|Any CPU
		{62CEB4AC-5579-4FFA-91D1-88DD52B5E068}.Debug|Any CPU.ActiveCfg = Debug|Any CPU
		{62CEB4AC-5579-4FFA-91D1-88DD52B5E068}.Debug|Any CPU.Build.0 = Debug|Any CPU
		{62CEB4AC-5579-4FFA-91D1-88DD52B5E068}.Release|Any CPU.ActiveCfg = Release|Any CPU
		{62CEB4AC-5579-4FFA-91D1-88DD52B5E068}.Release|Any CPU.Build.0 = Release|Any CPU
		{D3B79DF8-85F7-43C9-BCE7-162BFD4EE322}.Debug|Any CPU.ActiveCfg = Debug|Any CPU
		{D3B79DF8-85F7-43C9-BCE7-162BFD4EE322}.Debug|Any CPU.Build.0 = Debug|Any CPU
		{D3B79DF8-85F7-43C9-BCE7-162BFD4EE322}.Release|Any CPU.ActiveCfg = Release|Any CPU
		{D3B79DF8-85F7-43C9-BCE7-162BFD4EE322}.Release|Any CPU.Build.0 = Release|Any CPU
		{2EBC5459-954F-4B83-B172-D5D1B9819474}.Debug|Any CPU.ActiveCfg = Debug|Any CPU
		{2EBC5459-954F-4B83-B172-D5D1B9819474}.Debug|Any CPU.Build.0 = Debug|Any CPU
		{2EBC5459-954F-4B83-B172-D5D1B9819474}.Release|Any CPU.ActiveCfg = Release|Any CPU
		{2EBC5459-954F-4B83-B172-D5D1B9819474}.Release|Any CPU.Build.0 = Release|Any CPU
	EndGlobalSection
	GlobalSection(SolutionProperties) = preSolution
		HideSolutionNode = FALSE
	EndGlobalSection
	GlobalSection(ExtensibilityGlobals) = postSolution
		SolutionGuid = {8CDA85DC-FCE6-426C-8DF3-72B281E00324}
	EndGlobalSection
EndGlobal
